
Microsoft Visual Studio Solution File, Format Version 12.00
Project("{FAE04EC0-301F-11D3-BF4B-00C04F79EFBC}") = "Converter", "Converter\Converter.csproj", "{63E657F2-9402-4AA7-96ED-A8049E952F66}"
EndProject
Global
	GlobalSection(SolutionConfigurationPlatforms) = preSolution
		Debug|Any CPU = Debug|Any CPU
		Release|Any CPU = Release|Any CPU
	EndGlobalSection
	GlobalSection(ProjectConfigurationPlatforms) = postSolution
		{63E657F2-9402-4AA7-96ED-A8049E952F66}.Debug|Any CPU.ActiveCfg = Debug|Any CPU
		{63E657F2-9402-4AA7-96ED-A8049E952F66}.Debug|Any CPU.Build.0 = Debug|Any CPU
		{63E657F2-9402-4AA7-96ED-A8049E952F66}.Release|Any CPU.ActiveCfg = Release|Any CPU
		{63E657F2-9402-4AA7-96ED-A8049E952F66}.Release|Any CPU.Build.0 = Release|Any CPU
	EndGlobalSection
EndGlobal
